// !$*UTF8*$!
{
	archiveVersion = 1;
	classes = {
	};
	objectVersion = 46;
	objects = {

/* Begin PBXBuildFile section */
		3F57069D1EA487AD00D6115D /* AppDelegate.swift in Sources */ = {isa = PBXBuildFile; fileRef = 3F57069C1EA487AD00D6115D /* AppDelegate.swift */; };
		3F57069F1EA487AD00D6115D /* ViewController.swift in Sources */ = {isa = PBXBuildFile; fileRef = 3F57069E1EA487AD00D6115D /* ViewController.swift */; };
		3F5706A21EA487AD00D6115D /* Main.storyboard in Resources */ = {isa = PBXBuildFile; fileRef = 3F5706A01EA487AD00D6115D /* Main.storyboard */; };
		3F5706A41EA487AD00D6115D /* Assets.xcassets in Resources */ = {isa = PBXBuildFile; fileRef = 3F5706A31EA487AD00D6115D /* Assets.xcassets */; };
		3F5706A71EA487AD00D6115D /* LaunchScreen.storyboard in Resources */ = {isa = PBXBuildFile; fileRef = 3F5706A51EA487AD00D6115D /* LaunchScreen.storyboard */; };
		3F5706B21EA487AD00D6115D /* HelloWorldTests.swift in Sources */ = {isa = PBXBuildFile; fileRef = 3F5706B11EA487AD00D6115D /* HelloWorldTests.swift */; };
		3F5706BD1EA487AD00D6115D /* HelloWorldUITests.swift in Sources */ = {isa = PBXBuildFile; fileRef = 3F5706BC1EA487AD00D6115D /* HelloWorldUITests.swift */; };
/* End PBXBuildFile section */

/* Begin PBXContainerItemProxy section */
		3F5706AE1EA487AD00D6115D /* PBXContainerItemProxy */ = {
			isa = PBXContainerItemProxy;
			containerPortal = 3F5706911EA487AD00D6115D /* Project object */;
			proxyType = 1;
			remoteGlobalIDString = 3F5706981EA487AD00D6115D;
			remoteInfo = HelloWorld;
		};
		3F5706B91EA487AD00D6115D /* PBXContainerItemProxy */ = {
			isa = PBXContainerItemProxy;
			containerPortal = 3F5706911EA487AD00D6115D /* Project object */;
			proxyType = 1;
			remoteGlobalIDString = 3F5706981EA487AD00D6115D;
			remoteInfo = HelloWorld;
		};
/* End PBXContainerItemProxy section */

/* Begin PBXFileReference section */
		3F5706991EA487AD00D6115D /* HelloWorld.app */ = {isa = PBXFileReference; explicitFileType = wrapper.application; includeInIndex = 0; path = HelloWorld.app; sourceTree = BUILT_PRODUCTS_DIR; };
		3F57069C1EA487AD00D6115D /* AppDelegate.swift */ = {isa = PBXFileReference; lastKnownFileType = sourcecode.swift; path = AppDelegate.swift; sourceTree = "<group>"; };
		3F57069E1EA487AD00D6115D /* ViewController.swift */ = {isa = PBXFileReference; lastKnownFileType = sourcecode.swift; path = ViewController.swift; sourceTree = "<group>"; };
		3F5706A11EA487AD00D6115D /* Base */ = {isa = PBXFileReference; lastKnownFileType = file.storyboard; name = Base; path = Base.lproj/Main.storyboard; sourceTree = "<group>"; };
		3F5706A31EA487AD00D6115D /* Assets.xcassets */ = {isa = PBXFileReference; lastKnownFileType = folder.assetcatalog; path = Assets.xcassets; sourceTree = "<group>"; };
		3F5706A61EA487AD00D6115D /* Base */ = {isa = PBXFileReference; lastKnownFileType = file.storyboard; name = Base; path = Base.lproj/LaunchScreen.storyboard; sourceTree = "<group>"; };
		3F5706A81EA487AD00D6115D /* Info.plist */ = {isa = PBXFileReference; lastKnownFileType = text.plist.xml; path = Info.plist; sourceTree = "<group>"; };
		3F5706AD1EA487AD00D6115D /* HelloWorldTests.xctest */ = {isa = PBXFileReference; explicitFileType = wrapper.cfbundle; includeInIndex = 0; path = HelloWorldTests.xctest; sourceTree = BUILT_PRODUCTS_DIR; };
		3F5706B11EA487AD00D6115D /* HelloWorldTests.swift */ = {isa = PBXFileReference; lastKnownFileType = sourcecode.swift; path = HelloWorldTests.swift; sourceTree = "<group>"; };
		3F5706B31EA487AD00D6115D /* Info.plist */ = {isa = PBXFileReference; lastKnownFileType = text.plist.xml; path = Info.plist; sourceTree = "<group>"; };
		3F5706B81EA487AD00D6115D /* HelloWorldUITests.xctest */ = {isa = PBXFileReference; explicitFileType = wrapper.cfbundle; includeInIndex = 0; path = HelloWorldUITests.xctest; sourceTree = BUILT_PRODUCTS_DIR; };
		3F5706BC1EA487AD00D6115D /* HelloWorldUITests.swift */ = {isa = PBXFileReference; lastKnownFileType = sourcecode.swift; path = HelloWorldUITests.swift; sourceTree = "<group>"; };
		3F5706BE1EA487AD00D6115D /* Info.plist */ = {isa = PBXFileReference; lastKnownFileType = text.plist.xml; path = Info.plist; sourceTree = "<group>"; };
/* End PBXFileReference section */

/* Begin PBXFrameworksBuildPhase section */
		3F5706961EA487AD00D6115D /* Frameworks */ = {
			isa = PBXFrameworksBuildPhase;
			buildActionMask = 2147483647;
			files = (
			);
			runOnlyForDeploymentPostprocessing = 0;
		};
		3F5706AA1EA487AD00D6115D /* Frameworks */ = {
			isa = PBXFrameworksBuildPhase;
			buildActionMask = 2147483647;
			files = (
			);
			runOnlyForDeploymentPostprocessing = 0;
		};
		3F5706B51EA487AD00D6115D /* Frameworks */ = {
			isa = PBXFrameworksBuildPhase;
			buildActionMask = 2147483647;
			files = (
			);
			runOnlyForDeploymentPostprocessing = 0;
		};
/* End PBXFrameworksBuildPhase section */

/* Begin PBXGroup section */
		3F5706901EA487AD00D6115D = {
			isa = PBXGroup;
			children = (
				3F57069B1EA487AD00D6115D /* HelloWorld */,
				3F5706B01EA487AD00D6115D /* HelloWorldTests */,
				3F5706BB1EA487AD00D6115D /* HelloWorldUITests */,
				3F57069A1EA487AD00D6115D /* Products */,
			);
			sourceTree = "<group>";
		};
		3F57069A1EA487AD00D6115D /* Products */ = {
			isa = PBXGroup;
			children = (
				3F5706991EA487AD00D6115D /* HelloWorld.app */,
				3F5706AD1EA487AD00D6115D /* HelloWorldTests.xctest */,
				3F5706B81EA487AD00D6115D /* HelloWorldUITests.xctest */,
			);
			name = Products;
			sourceTree = "<group>";
		};
		3F57069B1EA487AD00D6115D /* HelloWorld */ = {
			isa = PBXGroup;
			children = (
				3F57069C1EA487AD00D6115D /* AppDelegate.swift */,
				3F57069E1EA487AD00D6115D /* ViewController.swift */,
				3F5706A01EA487AD00D6115D /* Main.storyboard */,
				3F5706A31EA487AD00D6115D /* Assets.xcassets */,
				3F5706A51EA487AD00D6115D /* LaunchScreen.storyboard */,
				3F5706A81EA487AD00D6115D /* Info.plist */,
			);
			path = HelloWorld;
			sourceTree = "<group>";
		};
		3F5706B01EA487AD00D6115D /* HelloWorldTests */ = {
			isa = PBXGroup;
			children = (
				3F5706B11EA487AD00D6115D /* HelloWorldTests.swift */,
				3F5706B31EA487AD00D6115D /* Info.plist */,
			);
			path = HelloWorldTests;
			sourceTree = "<group>";
		};
		3F5706BB1EA487AD00D6115D /* HelloWorldUITests */ = {
			isa = PBXGroup;
			children = (
				3F5706BC1EA487AD00D6115D /* HelloWorldUITests.swift */,
				3F5706BE1EA487AD00D6115D /* Info.plist */,
			);
			path = HelloWorldUITests;
			sourceTree = "<group>";
		};
/* End PBXGroup section */

/* Begin PBXNativeTarget section */
		3F5706981EA487AD00D6115D /* HelloWorld */ = {
			isa = PBXNativeTarget;
			buildConfigurationList = 3F5706C11EA487AD00D6115D /* Build configuration list for PBXNativeTarget "HelloWorld" */;
			buildPhases = (
				3F5706951EA487AD00D6115D /* Sources */,
				3F5706961EA487AD00D6115D /* Frameworks */,
				3F5706971EA487AD00D6115D /* Resources */,
			);
			buildRules = (
			);
			dependencies = (
			);
			name = HelloWorld;
			productName = HelloWorld;
			productReference = 3F5706991EA487AD00D6115D /* HelloWorld.app */;
			productType = "com.apple.product-type.application";
		};
		3F5706AC1EA487AD00D6115D /* HelloWorldTests */ = {
			isa = PBXNativeTarget;
			buildConfigurationList = 3F5706C41EA487AD00D6115D /* Build configuration list for PBXNativeTarget "HelloWorldTests" */;
			buildPhases = (
				3F5706A91EA487AD00D6115D /* Sources */,
				3F5706AA1EA487AD00D6115D /* Frameworks */,
				3F5706AB1EA487AD00D6115D /* Resources */,
			);
			buildRules = (
			);
			dependencies = (
				3F5706AF1EA487AD00D6115D /* PBXTargetDependency */,
			);
			name = HelloWorldTests;
			productName = HelloWorldTests;
			productReference = 3F5706AD1EA487AD00D6115D /* HelloWorldTests.xctest */;
			productType = "com.apple.product-type.bundle.unit-test";
		};
		3F5706B71EA487AD00D6115D /* HelloWorldUITests */ = {
			isa = PBXNativeTarget;
			buildConfigurationList = 3F5706C71EA487AD00D6115D /* Build configuration list for PBXNativeTarget "HelloWorldUITests" */;
			buildPhases = (
				3F5706B41EA487AD00D6115D /* Sources */,
				3F5706B51EA487AD00D6115D /* Frameworks */,
				3F5706B61EA487AD00D6115D /* Resources */,
			);
			buildRules = (
			);
			dependencies = (
				3F5706BA1EA487AD00D6115D /* PBXTargetDependency */,
			);
			name = HelloWorldUITests;
			productName = HelloWorldUITests;
			productReference = 3F5706B81EA487AD00D6115D /* HelloWorldUITests.xctest */;
			productType = "com.apple.product-type.bundle.ui-testing";
		};
/* End PBXNativeTarget section */

/* Begin PBXProject section */
		3F5706911EA487AD00D6115D /* Project object */ = {
			isa = PBXProject;
			attributes = {
				LastSwiftUpdateCheck = 0830;
				LastUpgradeCheck = 0830;
				ORGANIZATIONNAME = Student;
				TargetAttributes = {
					3F5706981EA487AD00D6115D = {
						CreatedOnToolsVersion = 8.3.1;
						ProvisioningStyle = Automatic;
					};
					3F5706AC1EA487AD00D6115D = {
						CreatedOnToolsVersion = 8.3.1;
						ProvisioningStyle = Automatic;
						TestTargetID = 3F5706981EA487AD00D6115D;
					};
					3F5706B71EA487AD00D6115D = {
						CreatedOnToolsVersion = 8.3.1;
						ProvisioningStyle = Automatic;
						TestTargetID = 3F5706981EA487AD00D6115D;
					};
				};
			};
			buildConfigurationList = 3F5706941EA487AD00D6115D /* Build configuration list for PBXProject "HelloWorld" */;
			compatibilityVersion = "Xcode 3.2";
			developmentRegion = English;
			hasScannedForEncodings = 0;
			knownRegions = (
				en,
				Base,
			);
			mainGroup = 3F5706901EA487AD00D6115D;
			productRefGroup = 3F57069A1EA487AD00D6115D /* Products */;
			projectDirPath = "";
			projectRoot = "";
			targets = (
				3F5706981EA487AD00D6115D /* HelloWorld */,
				3F5706AC1EA487AD00D6115D /* HelloWorldTests */,
				3F5706B71EA487AD00D6115D /* HelloWorldUITests */,
			);
		};
/* End PBXProject section */

/* Begin PBXResourcesBuildPhase section */
		3F5706971EA487AD00D6115D /* Resources */ = {
			isa = PBXResourcesBuildPhase;
			buildActionMask = 2147483647;
			files = (
				3F5706A71EA487AD00D6115D /* LaunchScreen.storyboard in Resources */,
				3F5706A41EA487AD00D6115D /* Assets.xcassets in Resources */,
				3F5706A21EA487AD00D6115D /* Main.storyboard in Resources */,
			);
			runOnlyForDeploymentPostprocessing = 0;
		};
		3F5706AB1EA487AD00D6115D /* Resources */ = {
			isa = PBXResourcesBuildPhase;
			buildActionMask = 2147483647;
			files = (
			);
			runOnlyForDeploymentPostprocessing = 0;
		};
		3F5706B61EA487AD00D6115D /* Resources */ = {
			isa = PBXResourcesBuildPhase;
			buildActionMask = 2147483647;
			files = (
			);
			runOnlyForDeploymentPostprocessing = 0;
		};
/* End PBXResourcesBuildPhase section */

/* Begin PBXSourcesBuildPhase section */
		3F5706951EA487AD00D6115D /* Sources */ = {
			isa = PBXSourcesBuildPhase;
			buildActionMask = 2147483647;
			files = (
				3F57069F1EA487AD00D6115D /* ViewController.swift in Sources */,
				3F57069D1EA487AD00D6115D /* AppDelegate.swift in Sources */,
			);
			runOnlyForDeploymentPostprocessing = 0;
		};
		3F5706A91EA487AD00D6115D /* Sources */ = {
			isa = PBXSourcesBuildPhase;
			buildActionMask = 2147483647;
			files = (
				3F5706B21EA487AD00D6115D /* HelloWorldTests.swift in Sources */,
			);
			runOnlyForDeploymentPostprocessing = 0;
		};
		3F5706B41EA487AD00D6115D /* Sources */ = {
			isa = PBXSourcesBuildPhase;
			buildActionMask = 2147483647;
			files = (
				3F5706BD1EA487AD00D6115D /* HelloWorldUITests.swift in Sources */,
			);
			runOnlyForDeploymentPostprocessing = 0;
		};
/* End PBXSourcesBuildPhase section */

/* Begin PBXTargetDependency section */
		3F5706AF1EA487AD00D6115D /* PBXTargetDependency */ = {
			isa = PBXTargetDependency;
			target = 3F5706981EA487AD00D6115D /* HelloWorld */;
			targetProxy = 3F5706AE1EA487AD00D6115D /* PBXContainerItemProxy */;
		};
		3F5706BA1EA487AD00D6115D /* PBXTargetDependency */ = {
			isa = PBXTargetDependency;
			target = 3F5706981EA487AD00D6115D /* HelloWorld */;
			targetProxy = 3F5706B91EA487AD00D6115D /* PBXContainerItemProxy */;
		};
/* End PBXTargetDependency section */

/* Begin PBXVariantGroup section */
		3F5706A01EA487AD00D6115D /* Main.storyboard */ = {
			isa = PBXVariantGroup;
			children = (
				3F5706A11EA487AD00D6115D /* Base */,
			);
			name = Main.storyboard;
			sourceTree = "<group>";
		};
		3F5706A51EA487AD00D6115D /* LaunchScreen.storyboard */ = {
			isa = PBXVariantGroup;
			children = (
				3F5706A61EA487AD00D6115D /* Base */,
			);
			name = LaunchScreen.storyboard;
			sourceTree = "<group>";
		};
/* End PBXVariantGroup section */

/* Begin XCBuildConfiguration section */
		3F5706BF1EA487AD00D6115D /* Debug */ = {
			isa = XCBuildConfiguration;
			buildSettings = {
				ALWAYS_SEARCH_USER_PATHS = NO;
				CLANG_ANALYZER_NONNULL = YES;
				CLANG_ANALYZER_NUMBER_OBJECT_CONVERSION = YES_AGGRESSIVE;
				CLANG_CXX_LANGUAGE_STANDARD = "gnu++0x";
				CLANG_CXX_LIBRARY = "libc++";
				CLANG_ENABLE_MODULES = YES;
				CLANG_ENABLE_OBJC_ARC = YES;
				CLANG_WARN_BOOL_CONVERSION = YES;
				CLANG_WARN_CONSTANT_CONVERSION = YES;
				CLANG_WARN_DIRECT_OBJC_ISA_USAGE = YES_ERROR;
				CLANG_WARN_DOCUMENTATION_COMMENTS = YES;
				CLANG_WARN_EMPTY_BODY = YES;
				CLANG_WARN_ENUM_CONVERSION = YES;
				CLANG_WARN_INFINITE_RECURSION = YES;
				CLANG_WARN_INT_CONVERSION = YES;
				CLANG_WARN_OBJC_ROOT_CLASS = YES_ERROR;
				CLANG_WARN_SUSPICIOUS_MOVE = YES;
				CLANG_WARN_UNREACHABLE_CODE = YES;
				CLANG_WARN__DUPLICATE_METHOD_MATCH = YES;
				"CODE_SIGN_IDENTITY[sdk=iphoneos*]" = "iPhone Developer";
				COPY_PHASE_STRIP = NO;
				DEBUG_INFORMATION_FORMAT = dwarf;
				ENABLE_STRICT_OBJC_MSGSEND = YES;
				ENABLE_TESTABILITY = YES;
				GCC_C_LANGUAGE_STANDARD = gnu99;
				GCC_DYNAMIC_NO_PIC = NO;
				GCC_NO_COMMON_BLOCKS = YES;
				GCC_OPTIMIZATION_LEVEL = 0;
				GCC_PREPROCESSOR_DEFINITIONS = (
					"DEBUG=1",
					"$(inherited)",
				);
				GCC_WARN_64_TO_32_BIT_CONVERSION = YES;
				GCC_WARN_ABOUT_RETURN_TYPE = YES_ERROR;
				GCC_WARN_UNDECLARED_SELECTOR = YES;
				GCC_WARN_UNINITIALIZED_AUTOS = YES_AGGRESSIVE;
				GCC_WARN_UNUSED_FUNCTION = YES;
				GCC_WARN_UNUSED_VARIABLE = YES;
				IPHONEOS_DEPLOYMENT_TARGET = 10.3;
				MTL_ENABLE_DEBUG_INFO = YES;
				ONLY_ACTIVE_ARCH = YES;
				SDKROOT = iphoneos;
				SWIFT_ACTIVE_COMPILATION_CONDITIONS = DEBUG;
				SWIFT_OPTIMIZATION_LEVEL = "-Onone";
			};
			name = Debug;
		};
		3F5706C01EA487AD00D6115D /* Release */ = {
			isa = XCBuildConfiguration;
			buildSettings = {
				ALWAYS_SEARCH_USER_PATHS = NO;
				CLANG_ANALYZER_NONNULL = YES;
				CLANG_ANALYZER_NUMBER_OBJECT_CONVERSION = YES_AGGRESSIVE;
				CLANG_CXX_LANGUAGE_STANDARD = "gnu++0x";
				CLANG_CXX_LIBRARY = "libc++";
				CLANG_ENABLE_MODULES = YES;
				CLANG_ENABLE_OBJC_ARC = YES;
				CLANG_WARN_BOOL_CONVERSION = YES;
				CLANG_WARN_CONSTANT_CONVERSION = YES;
				CLANG_WARN_DIRECT_OBJC_ISA_USAGE = YES_ERROR;
				CLANG_WARN_DOCUMENTATION_COMMENTS = YES;
				CLANG_WARN_EMPTY_BODY = YES;
				CLANG_WARN_ENUM_CONVERSION = YES;
				CLANG_WARN_INFINITE_RECURSION = YES;
				CLANG_WARN_INT_CONVERSION = YES;
				CLANG_WARN_OBJC_ROOT_CLASS = YES_ERROR;
				CLANG_WARN_SUSPICIOUS_MOVE = YES;
				CLANG_WARN_UNREACHABLE_CODE = YES;
				CLANG_WARN__DUPLICATE_METHOD_MATCH = YES;
				"CODE_SIGN_IDENTITY[sdk=iphoneos*]" = "iPhone Developer";
				COPY_PHASE_STRIP = NO;
				DEBUG_INFORMATION_FORMAT = "dwarf-with-dsym";
				ENABLE_NS_ASSERTIONS = NO;
				ENABLE_STRICT_OBJC_MSGSEND = YES;
				GCC_C_LANGUAGE_STANDARD = gnu99;
				GCC_NO_COMMON_BLOCKS = YES;
				GCC_WARN_64_TO_32_BIT_CONVERSION = YES;
				GCC_WARN_ABOUT_RETURN_TYPE = YES_ERROR;
				GCC_WARN_UNDECLARED_SELECTOR = YES;
				GCC_WARN_UNINITIALIZED_AUTOS = YES_AGGRESSIVE;
				GCC_WARN_UNUSED_FUNCTION = YES;
				GCC_WARN_UNUSED_VARIABLE = YES;
				IPHONEOS_DEPLOYMENT_TARGET = 10.3;
				MTL_ENABLE_DEBUG_INFO = NO;
				SDKROOT = iphoneos;
				SWIFT_OPTIMIZATION_LEVEL = "-Owholemodule";
				VALIDATE_PRODUCT = YES;
			};
			name = Release;
		};
		3F5706C21EA487AD00D6115D /* Debug */ = {
			isa = XCBuildConfiguration;
			buildSettings = {
				ASSETCATALOG_COMPILER_APPICON_NAME = AppIcon;
				INFOPLIST_FILE = HelloWorld/Info.plist;
				IPHONEOS_DEPLOYMENT_TARGET = 10.0;
				LD_RUNPATH_SEARCH_PATHS = "$(inherited) @executable_path/Frameworks";
				PRODUCT_BUNDLE_IDENTIFIER = deepika.HelloWorld;
				PRODUCT_NAME = "$(TARGET_NAME)";
				SWIFT_VERSION = 3.0;
				TARGETED_DEVICE_FAMILY = 1;
			};
			name = Debug;
		};
		3F5706C31EA487AD00D6115D /* Release */ = {
			isa = XCBuildConfiguration;
			buildSettings = {
				ASSETCATALOG_COMPILER_APPICON_NAME = AppIcon;
				INFOPLIST_FILE = HelloWorld/Info.plist;
				IPHONEOS_DEPLOYMENT_TARGET = 10.0;
				LD_RUNPATH_SEARCH_PATHS = "$(inherited) @executable_path/Frameworks";
				PRODUCT_BUNDLE_IDENTIFIER = deepika.HelloWorld;
				PRODUCT_NAME = "$(TARGET_NAME)";
				SWIFT_VERSION = 3.0;
				TARGETED_DEVICE_FAMILY = 1;
			};
			name = Release;
		};
		3F5706C51EA487AD00D6115D /* Debug */ = {
			isa = XCBuildConfiguration;
			buildSettings = {
				ALWAYS_EMBED_SWIFT_STANDARD_LIBRARIES = YES;
				BUNDLE_LOADER = "$(TEST_HOST)";
				INFOPLIST_FILE = HelloWorldTests/Info.plist;
				LD_RUNPATH_SEARCH_PATHS = "$(inherited) @executable_path/Frameworks @loader_path/Frameworks";
				PRODUCT_BUNDLE_IDENTIFIER = deepika.HelloWorldTests;
				PRODUCT_NAME = "$(TARGET_NAME)";
				SWIFT_VERSION = 3.0;
				TEST_HOST = "$(BUILT_PRODUCTS_DIR)/HelloWorld.app/HelloWorld";
			};
			name = Debug;
		};
		3F5706C61EA487AD00D6115D /* Release */ = {
			isa = XCBuildConfiguration;
			buildSettings = {
				ALWAYS_EMBED_SWIFT_STANDARD_LIBRARIES = YES;
				BUNDLE_LOADER = "$(TEST_HOST)";
				INFOPLIST_FILE = HelloWorldTests/Info.plist;
				LD_RUNPATH_SEARCH_PATHS = "$(inherited) @executable_path/Frameworks @loader_path/Frameworks";
				PRODUCT_BUNDLE_IDENTIFIER = deepika.HelloWorldTests;
				PRODUCT_NAME = "$(TARGET_NAME)";
				SWIFT_VERSION = 3.0;
				TEST_HOST = "$(BUILT_PRODUCTS_DIR)/HelloWorld.app/HelloWorld";
			};
			name = Release;
		};
		3F5706C81EA487AD00D6115D /* Debug */ = {
			isa = XCBuildConfiguration;
			buildSettings = {
				ALWAYS_EMBED_SWIFT_STANDARD_LIBRARIES = YES;
				INFOPLIST_FILE = HelloWorldUITests/Info.plist;
				LD_RUNPATH_SEARCH_PATHS = "$(inherited) @executable_path/Frameworks @loader_path/Frameworks";
				PRODUCT_BUNDLE_IDENTIFIER = deepika.HelloWorldUITests;
				PRODUCT_NAME = "$(TARGET_NAME)";
				SWIFT_VERSION = 3.0;
				TEST_TARGET_NAME = HelloWorld;
			};
			name = Debug;
		};
		3F5706C91EA487AD00D6115D /* Release */ = {
			isa = XCBuildConfiguration;
			buildSettings = {
				ALWAYS_EMBED_SWIFT_STANDARD_LIBRARIES = YES;
				INFOPLIST_FILE = HelloWorldUITests/Info.plist;
				LD_RUNPATH_SEARCH_PATHS = "$(inherited) @executable_path/Frameworks @loader_path/Frameworks";
				PRODUCT_BUNDLE_IDENTIFIER = deepika.HelloWorldUITests;
				PRODUCT_NAME = "$(TARGET_NAME)";
				SWIFT_VERSION = 3.0;
				TEST_TARGET_NAME = HelloWorld;
			};
			name = Release;
		};
/* End XCBuildConfiguration section */

/* Begin XCConfigurationList section */
		3F5706941EA487AD00D6115D /* Build configuration list for PBXProject "HelloWorld" */ = {
			isa = XCConfigurationList;
			buildConfigurations = (
				3F5706BF1EA487AD00D6115D /* Debug */,
				3F5706C01EA487AD00D6115D /* Release */,
			);
			defaultConfigurationIsVisible = 0;
			defaultConfigurationName = Release;
		};
		3F5706C11EA487AD00D6115D /* Build configuration list for PBXNativeTarget "HelloWorld" */ = {
			isa = XCConfigurationList;
			buildConfigurations = (
				3F5706C21EA487AD00D6115D /* Debug */,
				3F5706C31EA487AD00D6115D /* Release */,
			);
			defaultConfigurationIsVisible = 0;
		};
		3F5706C41EA487AD00D6115D /* Build configuration list for PBXNativeTarget "HelloWorldTests" */ = {
			isa = XCConfigurationList;
			buildConfigurations = (
				3F5706C51EA487AD00D6115D /* Debug */,
				3F5706C61EA487AD00D6115D /* Release */,
			);
			defaultConfigurationIsVisible = 0;
		};
		3F5706C71EA487AD00D6115D /* Build configuration list for PBXNativeTarget "HelloWorldUITests" */ = {
			isa = XCConfigurationList;
			buildConfigurations = (
				3F5706C81EA487AD00D6115D /* Debug */,
				3F5706C91EA487AD00D6115D /* Release */,
			);
			defaultConfigurationIsVisible = 0;
		};
/* End XCConfigurationList section */
	};
	rootObject = 3F5706911EA487AD00D6115D /* Project object */;
}
